
Microsoft Visual Studio Solution File, Format Version 12.00
Project("{2150E333-8FDC-42A3-9474-1A3956D46DE8}") = "Session1", "Session1", "{8BF3F4DF-FEF0-42E8-B384-6C31DD568980}"
EndProject
Project("{FAE04EC0-301F-11D3-BF4B-00C04F79EFBC}") = "S1-Ex3", "Session1\S1-Ex3\S1-Ex3.csproj", "{7029E7CF-5815-412C-AF1D-EE8AF2968333}"
EndProject
Project("{FAE04EC0-301F-11D3-BF4B-00C04F79EFBC}") = "S1-Ex4", "Session1\S1-Ex4\S1-Ex4.csproj", "{E084EDD5-07C8-4F3D-AF8C-CBFC4AA8ECCB}"
EndProject
Project("{FAE04EC0-301F-11D3-BF4B-00C04F79EFBC}") = "S1-Ex5", "Session1\S1-Ex5\S1-Ex5.csproj", "{FEAAB9FE-8C62-4A2F-8F72-9D1ED1B9801F}"
EndProject
Project("{FAE04EC0-301F-11D3-BF4B-00C04F79EFBC}") = "S1-Ex7", "Session1\S1-Ex7\S1-Ex7.csproj", "{2A283E8C-497E-405C-97DD-0242A089D431}"
EndProject
Project("{FAE04EC0-301F-11D3-BF4B-00C04F79EFBC}") = "S1-Ex8", "Session1\S1-Ex8\S1-Ex8.csproj", "{0F421C39-A130-4976-9B35-61753D110C50}"
EndProject
Project("{FAE04EC0-301F-11D3-BF4B-00C04F79EFBC}") = "S1-Ex9", "Session1\S1-Ex9\S1-Ex9.csproj", "{0D55299A-10FD-498B-BBF5-75AD4B5AFFFD}"
EndProject
Project("{FAE04EC0-301F-11D3-BF4B-00C04F79EFBC}") = "S1-Ex10", "Session1\S1-Ex10\S1-Ex10.csproj", "{BD555619-59EB-4F4A-B073-C688872BD24C}"
EndProject
Project("{FAE04EC0-301F-11D3-BF4B-00C04F79EFBC}") = "S1-Ex11", "Session1\S1-Ex11\S1-Ex11.csproj", "{D842DC4E-D871-41EB-BB1A-0B1F04344218}"
EndProject
Project("{2150E333-8FDC-42A3-9474-1A3956D46DE8}") = "Session2", "Session2", "{2530F227-324C-4D02-967B-E3B90DE337F1}"
EndProject
Project("{FAE04EC0-301F-11D3-BF4B-00C04F79EFBC}") = "S2-Ex1", "Session2\S2-Ex1\S2-Ex1.csproj", "{5852C311-7689-400F-8FD2-02114AAE5DE3}"
EndProject
Project("{FAE04EC0-301F-11D3-BF4B-00C04F79EFBC}") = "S2-Ex4", "Session2\S2-Ex4\S2-Ex4.csproj", "{37933E11-E672-4D16-85BD-88A8BF1650F6}"
EndProject
Project("{FAE04EC0-301F-11D3-BF4B-00C04F79EFBC}") = "S2-Ex2", "Session2\S2-Ex2\S2-Ex2.csproj", "{C2F7AB50-2DB1-405A-A927-798DF0BAEF7F}"
EndProject
Project("{FAE04EC0-301F-11D3-BF4B-00C04F79EFBC}") = "S2-Ex3", "Session2\S2-Ex3\S2-Ex3.csproj", "{01BD147B-E201-4CC9-BAE6-44C0A6D01413}"
EndProject
Global
	GlobalSection(SolutionConfigurationPlatforms) = preSolution
		Debug|Any CPU = Debug|Any CPU
		Release|Any CPU = Release|Any CPU
	EndGlobalSection
	GlobalSection(NestedProjects) = preSolution
		{7029E7CF-5815-412C-AF1D-EE8AF2968333} = {8BF3F4DF-FEF0-42E8-B384-6C31DD568980}
		{E084EDD5-07C8-4F3D-AF8C-CBFC4AA8ECCB} = {8BF3F4DF-FEF0-42E8-B384-6C31DD568980}
		{FEAAB9FE-8C62-4A2F-8F72-9D1ED1B9801F} = {8BF3F4DF-FEF0-42E8-B384-6C31DD568980}
		{2A283E8C-497E-405C-97DD-0242A089D431} = {8BF3F4DF-FEF0-42E8-B384-6C31DD568980}
		{0F421C39-A130-4976-9B35-61753D110C50} = {8BF3F4DF-FEF0-42E8-B384-6C31DD568980}
		{0D55299A-10FD-498B-BBF5-75AD4B5AFFFD} = {8BF3F4DF-FEF0-42E8-B384-6C31DD568980}
		{BD555619-59EB-4F4A-B073-C688872BD24C} = {8BF3F4DF-FEF0-42E8-B384-6C31DD568980}
		{D842DC4E-D871-41EB-BB1A-0B1F04344218} = {8BF3F4DF-FEF0-42E8-B384-6C31DD568980}
		{5852C311-7689-400F-8FD2-02114AAE5DE3} = {2530F227-324C-4D02-967B-E3B90DE337F1}
		{37933E11-E672-4D16-85BD-88A8BF1650F6} = {2530F227-324C-4D02-967B-E3B90DE337F1}
		{C2F7AB50-2DB1-405A-A927-798DF0BAEF7F} = {2530F227-324C-4D02-967B-E3B90DE337F1}
		{01BD147B-E201-4CC9-BAE6-44C0A6D01413} = {2530F227-324C-4D02-967B-E3B90DE337F1}
	EndGlobalSection
	GlobalSection(ProjectConfigurationPlatforms) = postSolution
		{7029E7CF-5815-412C-AF1D-EE8AF2968333}.Debug|Any CPU.ActiveCfg = Debug|Any CPU
		{7029E7CF-5815-412C-AF1D-EE8AF2968333}.Debug|Any CPU.Build.0 = Debug|Any CPU
		{7029E7CF-5815-412C-AF1D-EE8AF2968333}.Release|Any CPU.ActiveCfg = Release|Any CPU
		{7029E7CF-5815-412C-AF1D-EE8AF2968333}.Release|Any CPU.Build.0 = Release|Any CPU
		{E084EDD5-07C8-4F3D-AF8C-CBFC4AA8ECCB}.Debug|Any CPU.ActiveCfg = Debug|Any CPU
		{E084EDD5-07C8-4F3D-AF8C-CBFC4AA8ECCB}.Debug|Any CPU.Build.0 = Debug|Any CPU
		{E084EDD5-07C8-4F3D-AF8C-CBFC4AA8ECCB}.Release|Any CPU.ActiveCfg = Release|Any CPU
		{E084EDD5-07C8-4F3D-AF8C-CBFC4AA8ECCB}.Release|Any CPU.Build.0 = Release|Any CPU
		{FEAAB9FE-8C62-4A2F-8F72-9D1ED1B9801F}.Debug|Any CPU.ActiveCfg = Debug|Any CPU
		{FEAAB9FE-8C62-4A2F-8F72-9D1ED1B9801F}.Debug|Any CPU.Build.0 = Debug|Any CPU
		{FEAAB9FE-8C62-4A2F-8F72-9D1ED1B9801F}.Release|Any CPU.ActiveCfg = Release|Any CPU
		{FEAAB9FE-8C62-4A2F-8F72-9D1ED1B9801F}.Release|Any CPU.Build.0 = Release|Any CPU
		{2A283E8C-497E-405C-97DD-0242A089D431}.Debug|Any CPU.ActiveCfg = Debug|Any CPU
		{2A283E8C-497E-405C-97DD-0242A089D431}.Debug|Any CPU.Build.0 = Debug|Any CPU
		{2A283E8C-497E-405C-97DD-0242A089D431}.Release|Any CPU.ActiveCfg = Release|Any CPU
		{2A283E8C-497E-405C-97DD-0242A089D431}.Release|Any CPU.Build.0 = Release|Any CPU
		{0F421C39-A130-4976-9B35-61753D110C50}.Debug|Any CPU.ActiveCfg = Debug|Any CPU
		{0F421C39-A130-4976-9B35-61753D110C50}.Debug|Any CPU.Build.0 = Debug|Any CPU
		{0F421C39-A130-4976-9B35-61753D110C50}.Release|Any CPU.ActiveCfg = Release|Any CPU
		{0F421C39-A130-4976-9B35-61753D110C50}.Release|Any CPU.Build.0 = Release|Any CPU
		{0D55299A-10FD-498B-BBF5-75AD4B5AFFFD}.Debug|Any CPU.ActiveCfg = Debug|Any CPU
		{0D55299A-10FD-498B-BBF5-75AD4B5AFFFD}.Debug|Any CPU.Build.0 = Debug|Any CPU
		{0D55299A-10FD-498B-BBF5-75AD4B5AFFFD}.Release|Any CPU.ActiveCfg = Release|Any CPU
		{0D55299A-10FD-498B-BBF5-75AD4B5AFFFD}.Release|Any CPU.Build.0 = Release|Any CPU
		{BD555619-59EB-4F4A-B073-C688872BD24C}.Debug|Any CPU.ActiveCfg = Debug|Any CPU
		{BD555619-59EB-4F4A-B073-C688872BD24C}.Debug|Any CPU.Build.0 = Debug|Any CPU
		{BD555619-59EB-4F4A-B073-C688872BD24C}.Release|Any CPU.ActiveCfg = Release|Any CPU
		{BD555619-59EB-4F4A-B073-C688872BD24C}.Release|Any CPU.Build.0 = Release|Any CPU
		{D842DC4E-D871-41EB-BB1A-0B1F04344218}.Debug|Any CPU.ActiveCfg = Debug|Any CPU
		{D842DC4E-D871-41EB-BB1A-0B1F04344218}.Debug|Any CPU.Build.0 = Debug|Any CPU
		{D842DC4E-D871-41EB-BB1A-0B1F04344218}.Release|Any CPU.ActiveCfg = Release|Any CPU
		{D842DC4E-D871-41EB-BB1A-0B1F04344218}.Release|Any CPU.Build.0 = Release|Any CPU
		{5852C311-7689-400F-8FD2-02114AAE5DE3}.Debug|Any CPU.ActiveCfg = Debug|Any CPU
		{5852C311-7689-400F-8FD2-02114AAE5DE3}.Debug|Any CPU.Build.0 = Debug|Any CPU
		{5852C311-7689-400F-8FD2-02114AAE5DE3}.Release|Any CPU.ActiveCfg = Release|Any CPU
		{5852C311-7689-400F-8FD2-02114AAE5DE3}.Release|Any CPU.Build.0 = Release|Any CPU
		{37933E11-E672-4D16-85BD-88A8BF1650F6}.Debug|Any CPU.ActiveCfg = Debug|Any CPU
		{37933E11-E672-4D16-85BD-88A8BF1650F6}.Debug|Any CPU.Build.0 = Debug|Any CPU
		{37933E11-E672-4D16-85BD-88A8BF1650F6}.Release|Any CPU.ActiveCfg = Release|Any CPU
		{37933E11-E672-4D16-85BD-88A8BF1650F6}.Release|Any CPU.Build.0 = Release|Any CPU
		{C2F7AB50-2DB1-405A-A927-798DF0BAEF7F}.Debug|Any CPU.ActiveCfg = Debug|Any CPU
		{C2F7AB50-2DB1-405A-A927-798DF0BAEF7F}.Debug|Any CPU.Build.0 = Debug|Any CPU
		{C2F7AB50-2DB1-405A-A927-798DF0BAEF7F}.Release|Any CPU.ActiveCfg = Release|Any CPU
		{C2F7AB50-2DB1-405A-A927-798DF0BAEF7F}.Release|Any CPU.Build.0 = Release|Any CPU
		{01BD147B-E201-4CC9-BAE6-44C0A6D01413}.Debug|Any CPU.ActiveCfg = Debug|Any CPU
		{01BD147B-E201-4CC9-BAE6-44C0A6D01413}.Debug|Any CPU.Build.0 = Debug|Any CPU
		{01BD147B-E201-4CC9-BAE6-44C0A6D01413}.Release|Any CPU.ActiveCfg = Release|Any CPU
		{01BD147B-E201-4CC9-BAE6-44C0A6D01413}.Release|Any CPU.Build.0 = Release|Any CPU
	EndGlobalSection
EndGlobal
